
Microsoft Visual Studio Solution File, Format Version 12.00
# Visual Studio Version 16
VisualStudioVersion = 16.0.30128.74
MinimumVisualStudioVersion = 10.0.40219.1
Project("{2150E333-8FDC-42A3-9474-1A3956D46DE8}") = "src", "src", "{54E263B3-9EE6-4DB2-A120-982BB8C9B1AF}"
EndProject
Project("{2150E333-8FDC-42A3-9474-1A3956D46DE8}") = "services", "services", "{4E3F4BAA-7E70-4819-8625-D12DEEF233F6}"
EndProject
Project("{2150E333-8FDC-42A3-9474-1A3956D46DE8}") = "web", "web", "{DF535843-E79B-4623-BCCC-045F83128662}"
EndProject
Project("{FAE04EC0-301F-11D3-BF4B-00C04F79EFBC}") = "EventCatalogAPI", "EventCatalogAPI\EventCatalogAPI.csproj", "{B35EC5C8-CCB7-43C6-901C-8D0909D93A62}"
EndProject
Global
	GlobalSection(SolutionConfigurationPlatforms) = preSolution
		Debug|Any CPU = Debug|Any CPU
		Release|Any CPU = Release|Any CPU
	EndGlobalSection
	GlobalSection(ProjectConfigurationPlatforms) = postSolution
		{B35EC5C8-CCB7-43C6-901C-8D0909D93A62}.Debug|Any CPU.ActiveCfg = Debug|Any CPU
		{B35EC5C8-CCB7-43C6-901C-8D0909D93A62}.Debug|Any CPU.Build.0 = Debug|Any CPU
		{B35EC5C8-CCB7-43C6-901C-8D0909D93A62}.Release|Any CPU.ActiveCfg = Release|Any CPU
		{B35EC5C8-CCB7-43C6-901C-8D0909D93A62}.Release|Any CPU.Build.0 = Release|Any CPU
	EndGlobalSection
	GlobalSection(SolutionProperties) = preSolution
		HideSolutionNode = FALSE
	EndGlobalSection
	GlobalSection(NestedProjects) = preSolution
		{4E3F4BAA-7E70-4819-8625-D12DEEF233F6} = {54E263B3-9EE6-4DB2-A120-982BB8C9B1AF}
		{DF535843-E79B-4623-BCCC-045F83128662} = {54E263B3-9EE6-4DB2-A120-982BB8C9B1AF}
		{B35EC5C8-CCB7-43C6-901C-8D0909D93A62} = {4E3F4BAA-7E70-4819-8625-D12DEEF233F6}
	EndGlobalSection
	GlobalSection(ExtensibilityGlobals) = postSolution
		SolutionGuid = {BFEA53DD-D84B-45FB-8DD6-9741B0E1C066}
	EndGlobalSection
EndGlobal
